Microsoft Visual Studio Solution File, Format Version 12.00
# Visual Studio 2012
Project("{FAE04EC0-301F-11D3-BF4B-00C04F79EFBC}") = "aocVis", "aocVis.csproj", "{B8655814-74C4-47F8-A671-6BFF3110EACE}"
EndProject
Project("{F2A71F9B-5D33-465A-A702-920D77279786}") = "aocVis-fs", "aocVis-fs.fsproj", "{27F4343F-A5D7-4E71-BDD6-B45572DECDB6}"
EndProject
Global
	GlobalSection(SolutionConfigurationPlatforms) = preSolution
		Debug|Any CPU = Debug|Any CPU
		ExportDebug|Any CPU = ExportDebug|Any CPU
		ExportRelease|Any CPU = ExportRelease|Any CPU
	EndGlobalSection
	GlobalSection(ProjectConfigurationPlatforms) = postSolution
		{B8655814-74C4-47F8-A671-6BFF3110EACE}.Debug|Any CPU.ActiveCfg = Debug|Any CPU
		{B8655814-74C4-47F8-A671-6BFF3110EACE}.Debug|Any CPU.Build.0 = Debug|Any CPU
		{B8655814-74C4-47F8-A671-6BFF3110EACE}.ExportDebug|Any CPU.ActiveCfg = ExportDebug|Any CPU
		{B8655814-74C4-47F8-A671-6BFF3110EACE}.ExportDebug|Any CPU.Build.0 = ExportDebug|Any CPU
		{B8655814-74C4-47F8-A671-6BFF3110EACE}.ExportRelease|Any CPU.ActiveCfg = ExportRelease|Any CPU
		{B8655814-74C4-47F8-A671-6BFF3110EACE}.ExportRelease|Any CPU.Build.0 = ExportRelease|Any CPU
		{27F4343F-A5D7-4E71-BDD6-B45572DECDB6}.Debug|Any CPU.ActiveCfg = Debug|Any CPU
		{27F4343F-A5D7-4E71-BDD6-B45572DECDB6}.Debug|Any CPU.Build.0 = Debug|Any CPU
		{27F4343F-A5D7-4E71-BDD6-B45572DECDB6}.ExportDebug|Any CPU.ActiveCfg = ExportDebug|Any CPU
		{27F4343F-A5D7-4E71-BDD6-B45572DECDB6}.ExportDebug|Any CPU.Build.0 = ExportDebug|Any CPU
		{27F4343F-A5D7-4E71-BDD6-B45572DECDB6}.ExportRelease|Any CPU.ActiveCfg = ExportRelease|Any CPU
		{27F4343F-A5D7-4E71-BDD6-B45572DECDB6}.ExportRelease|Any CPU.Build.0 = ExportRelease|Any CPU
	EndGlobalSection
EndGlobal
